{
  "object": {
    "pins": [
      {
        "package": "Get",
        "repositoryURL": "https://github.com/kean/Get",
        "state": {
          "branch": null,
          "revision": "12830cc64f31789ae6f4352d2d51d03a25fc3741",
          "version": "2.1.6"
        }
      },
      {
        "package": "GetExtensions",
        "repositoryURL": "https://github.com/binaryscraping/GetExtensions",
        "state": {
          "branch": null,
          "revision": "aa20f38721142eb6592b2c8f11179d32d7d70ae3",
          "version": "1.0.0"
        }
      },
      {
        "package": "swift-snapshot-testing",
        "repositoryURL": "https://github.com/pointfreeco/swift-snapshot-testing",
        "state": {
          "branch": null,
          "revision": "dc46eeb3928a75390651fac6c1ef7f93ad59a73b",
          "version": "1.11.1"
        }
      }
    ]
  },
  "version": 1
}
